<!-- TODO: replace with a project saved in Delphi 11 and validate in that IDE.
     Synthetic parser fixture, not an IDE-generated or build-tested application.
     Schema evidence: DUnitX 0.4.1 Expert/DUnitX_IDE_Expert_D11Alexandria.dproj (19.3)
     and Tests/DUnitXTest_D11.dproj (19.5). -->
<Project xmlns="http://schemas.microsoft.com/developer/msbuild/2003">
    <PropertyGroup>
        <ProjectGuid>{109D03C7-4DAD-46DE-A8A6-0D481B91B101}</ProjectGuid>
        <ProjectVersion>19.3</ProjectVersion>
        <FrameworkType>VCL</FrameworkType>
        <AppType>Application</AppType>
        <Config>Debug</Config>
        <Platform>Win32</Platform>
    </PropertyGroup>
    <ItemGroup>
        <BuildConfiguration Include="Base"/>
        <BuildConfiguration Include="Debug"/>
        <BuildConfiguration Include="Release"/>
    </ItemGroup>
    <ProjectExtensions>
        <BorlandProject>
            <Platforms>
                <Platform value="Win32">True</Platform>
                <Platform value="Win64">True</Platform>
            </Platforms>
        </BorlandProject>
    </ProjectExtensions>
</Project>